
Microsoft Visual Studio Solution File, Format Version 10.00
# Visual Studio 2008
Project("{FAE04EC0-301F-11D3-BF4B-00C04F79EFBC}") = "SimpleStore.Domain", "SimpleStore.Domain\SimpleStore.Domain.csproj", "{ED4C8CF1-E8F1-4599-8B48-624049C508BF}"
EndProject
Project("{FAE04EC0-301F-11D3-BF4B-00C04F79EFBC}") = "SimpleStore.Data.Tests", "SimpleStore.Data.Tests\SimpleStore.Data.Tests.csproj", "{938B68FE-9930-44C3-BE3D-B09343E1CB2F}"
EndProject
Project("{FAE04EC0-301F-11D3-BF4B-00C04F79EFBC}") = "SimpleStore.Infrasturcture", "Infrasturcture\SimpleStore.Infrasturcture.csproj", "{4B527F62-789B-49B3-8091-F6C6A0D09661}"
EndProject
Project("{FAE04EC0-301F-11D3-BF4B-00C04F79EFBC}") = "SimpleStore.ViewModels", "SimpleStore.ViewModels\SimpleStore.ViewModels.csproj", "{97652F38-FBDB-41A8-904E-B0FABF8760AF}"
EndProject
Project("{FAE04EC0-301F-11D3-BF4B-00C04F79EFBC}") = "SimpleStore.Gui", "SimpleStore.Gui\SimpleStore.Gui.csproj", "{9DAB342A-CBC6-4144-A143-3191E8D417C1}"
EndProject
Project("{2150E333-8FDC-42A3-9474-1A3956D46DE8}") = "Core", "Core", "{F3DB5DE3-A677-4EEB-B9C1-328EE1DAC412}"
EndProject
Project("{FAE04EC0-301F-11D3-BF4B-00C04F79EFBC}") = "SimpleStore.Domain.Impl", "SimpleStore.Domain.Impl\SimpleStore.Domain.Impl.csproj", "{CF07F106-10E3-414E-A77C-8A97D30080E8}"
EndProject
Project("{FAE04EC0-301F-11D3-BF4B-00C04F79EFBC}") = "SimpleStore.Data", "SimpleStore.Data\SimpleStore.Data.csproj", "{B4E3A885-2E03-4F73-AA91-52CFA12B1E46}"
EndProject
Project("{FAE04EC0-301F-11D3-BF4B-00C04F79EFBC}") = "SimpleStore.Data.Impl", "SimpleStore.Data.Impl\SimpleStore.Data.Impl.csproj", "{2F1C178A-B701-4912-8088-5CFB21926A92}"
EndProject
Project("{2150E333-8FDC-42A3-9474-1A3956D46DE8}") = "Infrastructure", "Infrastructure", "{E77FA245-1A74-415E-A6F3-DB40A1A124F8}"
EndProject
Project("{FAE04EC0-301F-11D3-BF4B-00C04F79EFBC}") = "SimpleStore.Configurator", "SimpleStore.Configurator\SimpleStore.Configurator.csproj", "{6462B917-753E-4EA3-BB1F-18BFAF2503FC}"
EndProject
Project("{2150E333-8FDC-42A3-9474-1A3956D46DE8}") = "Tests", "Tests", "{BA54F26F-ECC0-433D-B60F-AB2EBFE2D0BF}"
EndProject
Project("{2150E333-8FDC-42A3-9474-1A3956D46DE8}") = "Presentation", "Presentation", "{F8A61058-024D-4360-B88A-78EE0FE5B0C3}"
EndProject
Project("{FAE04EC0-301F-11D3-BF4B-00C04F79EFBC}") = "SimpleStore.Domain.Tests", "SimpleStore.Domain.Tests\SimpleStore.Domain.Tests.csproj", "{77C8D74B-73EC-49F3-8E70-200783B7C62B}"
EndProject
Global
	GlobalSection(SolutionConfigurationPlatforms) = preSolution
		Debug|Any CPU = Debug|Any CPU
		Release|Any CPU = Release|Any CPU
	EndGlobalSection
	GlobalSection(ProjectConfigurationPlatforms) = postSolution
		{ED4C8CF1-E8F1-4599-8B48-624049C508BF}.Debug|Any CPU.ActiveCfg = Debug|Any CPU
		{ED4C8CF1-E8F1-4599-8B48-624049C508BF}.Debug|Any CPU.Build.0 = Debug|Any CPU
		{ED4C8CF1-E8F1-4599-8B48-624049C508BF}.Release|Any CPU.ActiveCfg = Release|Any CPU
		{ED4C8CF1-E8F1-4599-8B48-624049C508BF}.Release|Any CPU.Build.0 = Release|Any CPU
		{938B68FE-9930-44C3-BE3D-B09343E1CB2F}.Debug|Any CPU.ActiveCfg = Debug|Any CPU
		{938B68FE-9930-44C3-BE3D-B09343E1CB2F}.Release|Any CPU.ActiveCfg = Release|Any CPU
		{938B68FE-9930-44C3-BE3D-B09343E1CB2F}.Release|Any CPU.Build.0 = Release|Any CPU
		{4B527F62-789B-49B3-8091-F6C6A0D09661}.Debug|Any CPU.ActiveCfg = Debug|Any CPU
		{4B527F62-789B-49B3-8091-F6C6A0D09661}.Debug|Any CPU.Build.0 = Debug|Any CPU
		{4B527F62-789B-49B3-8091-F6C6A0D09661}.Release|Any CPU.ActiveCfg = Release|Any CPU
		{4B527F62-789B-49B3-8091-F6C6A0D09661}.Release|Any CPU.Build.0 = Release|Any CPU
		{97652F38-FBDB-41A8-904E-B0FABF8760AF}.Debug|Any CPU.ActiveCfg = Debug|Any CPU
		{97652F38-FBDB-41A8-904E-B0FABF8760AF}.Debug|Any CPU.Build.0 = Debug|Any CPU
		{97652F38-FBDB-41A8-904E-B0FABF8760AF}.Release|Any CPU.ActiveCfg = Release|Any CPU
		{97652F38-FBDB-41A8-904E-B0FABF8760AF}.Release|Any CPU.Build.0 = Release|Any CPU
		{9DAB342A-CBC6-4144-A143-3191E8D417C1}.Debug|Any CPU.ActiveCfg = Debug|Any CPU
		{9DAB342A-CBC6-4144-A143-3191E8D417C1}.Debug|Any CPU.Build.0 = Debug|Any CPU
		{9DAB342A-CBC6-4144-A143-3191E8D417C1}.Release|Any CPU.ActiveCfg = Release|Any CPU
		{9DAB342A-CBC6-4144-A143-3191E8D417C1}.Release|Any CPU.Build.0 = Release|Any CPU
		{CF07F106-10E3-414E-A77C-8A97D30080E8}.Debug|Any CPU.ActiveCfg = Debug|Any CPU
		{CF07F106-10E3-414E-A77C-8A97D30080E8}.Debug|Any CPU.Build.0 = Debug|Any CPU
		{CF07F106-10E3-414E-A77C-8A97D30080E8}.Release|Any CPU.ActiveCfg = Release|Any CPU
		{CF07F106-10E3-414E-A77C-8A97D30080E8}.Release|Any CPU.Build.0 = Release|Any CPU
		{B4E3A885-2E03-4F73-AA91-52CFA12B1E46}.Debug|Any CPU.ActiveCfg = Debug|Any CPU
		{B4E3A885-2E03-4F73-AA91-52CFA12B1E46}.Debug|Any CPU.Build.0 = Debug|Any CPU
		{B4E3A885-2E03-4F73-AA91-52CFA12B1E46}.Release|Any CPU.ActiveCfg = Release|Any CPU
		{B4E3A885-2E03-4F73-AA91-52CFA12B1E46}.Release|Any CPU.Build.0 = Release|Any CPU
		{2F1C178A-B701-4912-8088-5CFB21926A92}.Debug|Any CPU.ActiveCfg = Debug|Any CPU
		{2F1C178A-B701-4912-8088-5CFB21926A92}.Debug|Any CPU.Build.0 = Debug|Any CPU
		{2F1C178A-B701-4912-8088-5CFB21926A92}.Release|Any CPU.ActiveCfg = Release|Any CPU
		{2F1C178A-B701-4912-8088-5CFB21926A92}.Release|Any CPU.Build.0 = Release|Any CPU
		{6462B917-753E-4EA3-BB1F-18BFAF2503FC}.Debug|Any CPU.ActiveCfg = Debug|Any CPU
		{6462B917-753E-4EA3-BB1F-18BFAF2503FC}.Debug|Any CPU.Build.0 = Debug|Any CPU
		{6462B917-753E-4EA3-BB1F-18BFAF2503FC}.Release|Any CPU.ActiveCfg = Release|Any CPU
		{6462B917-753E-4EA3-BB1F-18BFAF2503FC}.Release|Any CPU.Build.0 = Release|Any CPU
		{77C8D74B-73EC-49F3-8E70-200783B7C62B}.Debug|Any CPU.ActiveCfg = Debug|Any CPU
		{77C8D74B-73EC-49F3-8E70-200783B7C62B}.Release|Any CPU.ActiveCfg = Release|Any CPU
		{77C8D74B-73EC-49F3-8E70-200783B7C62B}.Release|Any CPU.Build.0 = Release|Any CPU
	EndGlobalSection
	GlobalSection(SolutionProperties) = preSolution
		HideSolutionNode = FALSE
	EndGlobalSection
	GlobalSection(NestedProjects) = preSolution
		{ED4C8CF1-E8F1-4599-8B48-624049C508BF} = {F3DB5DE3-A677-4EEB-B9C1-328EE1DAC412}
		{CF07F106-10E3-414E-A77C-8A97D30080E8} = {F3DB5DE3-A677-4EEB-B9C1-328EE1DAC412}
		{B4E3A885-2E03-4F73-AA91-52CFA12B1E46} = {F3DB5DE3-A677-4EEB-B9C1-328EE1DAC412}
		{2F1C178A-B701-4912-8088-5CFB21926A92} = {F3DB5DE3-A677-4EEB-B9C1-328EE1DAC412}
		{938B68FE-9930-44C3-BE3D-B09343E1CB2F} = {BA54F26F-ECC0-433D-B60F-AB2EBFE2D0BF}
		{77C8D74B-73EC-49F3-8E70-200783B7C62B} = {BA54F26F-ECC0-433D-B60F-AB2EBFE2D0BF}
		{4B527F62-789B-49B3-8091-F6C6A0D09661} = {E77FA245-1A74-415E-A6F3-DB40A1A124F8}
		{6462B917-753E-4EA3-BB1F-18BFAF2503FC} = {E77FA245-1A74-415E-A6F3-DB40A1A124F8}
		{9DAB342A-CBC6-4144-A143-3191E8D417C1} = {F8A61058-024D-4360-B88A-78EE0FE5B0C3}
		{97652F38-FBDB-41A8-904E-B0FABF8760AF} = {F8A61058-024D-4360-B88A-78EE0FE5B0C3}
	EndGlobalSection
EndGlobal
