
Microsoft Visual Studio Solution File, Format Version 10.00
# Visual Studio 2008
Project("{FAE04EC0-301F-11D3-BF4B-00C04F79EFBC}") = "DataModel", "DataModel\DataModel.csproj", "{ED4C8CF1-E8F1-4599-8B48-624049C508BF}"
EndProject
Project("{FAE04EC0-301F-11D3-BF4B-00C04F79EFBC}") = "DataModel.Tests", "DataModel.Tests\DataModel.Tests.csproj", "{938B68FE-9930-44C3-BE3D-B09343E1CB2F}"
EndProject
Global
	GlobalSection(SolutionConfigurationPlatforms) = preSolution
		Debug|Any CPU = Debug|Any CPU
		Release|Any CPU = Release|Any CPU
	EndGlobalSection
	GlobalSection(ProjectConfigurationPlatforms) = postSolution
		{ED4C8CF1-E8F1-4599-8B48-624049C508BF}.Debug|Any CPU.ActiveCfg = Debug|Any CPU
		{ED4C8CF1-E8F1-4599-8B48-624049C508BF}.Debug|Any CPU.Build.0 = Debug|Any CPU
		{ED4C8CF1-E8F1-4599-8B48-624049C508BF}.Release|Any CPU.ActiveCfg = Release|Any CPU
		{ED4C8CF1-E8F1-4599-8B48-624049C508BF}.Release|Any CPU.Build.0 = Release|Any CPU
		{938B68FE-9930-44C3-BE3D-B09343E1CB2F}.Debug|Any CPU.ActiveCfg = Debug|Any CPU
		{938B68FE-9930-44C3-BE3D-B09343E1CB2F}.Debug|Any CPU.Build.0 = Debug|Any CPU
		{938B68FE-9930-44C3-BE3D-B09343E1CB2F}.Release|Any CPU.ActiveCfg = Release|Any CPU
		{938B68FE-9930-44C3-BE3D-B09343E1CB2F}.Release|Any CPU.Build.0 = Release|Any CPU
	EndGlobalSection
	GlobalSection(SolutionProperties) = preSolution
		HideSolutionNode = FALSE
	EndGlobalSection
EndGlobal
